# This file is autogenerated, do not edit; changes may be undone by the next 'dep ensure'.


[[projects]]
  digest = "1:6b8d7881a055c6e1f86ba02d26c5e8e1c0f78f77800c310f5f80278e0ceb3bc7"
  name = "github.com/armon/go-metrics"
  packages = ["."]
  pruneopts = "UT"
  revision = "f036747b9d0e8590f175a5d654a2194a7d9df4b5"

[[projects]]
  digest = "1:fdd63e9499a1a2116020c449ce0fbf6341f9ce19bcea4cfd87d3edc1db01f596"
  name = "github.com/cnf/structhash"
  packages = ["."]
  pruneopts = "UT"
  revision = "7710f1f78fb9c581deeeab57ecfb7978901b36bc"

[[projects]]
  digest = "1:f4f6279cb37479954644babd8f8ef00584ff9fa63555d2c6718c1c3517170202"
  name = "github.com/elazarl/go-bindata-assetfs"
  packages = ["."]
  pruneopts = "UT"
  revision = "30f82fa23fd844bd5bb1e5f216db87fd77b5eb43"
  version = "v1.0.0"

[[projects]]
  digest = "1:098da4db4090d9b29005c17693f1497171ffe615008ac12917bd7ccb0ecb86c0"
  name = "github.com/gorhill/cronexpr"
  packages = ["."]
  pruneopts = "UT"
  revision = "d520615e531a6bf3fb69406b9eba718261285ec8"

[[projects]]
  digest = "1:c79fb010be38a59d657c48c6ba1d003a8aa651fa56b579d959d74573b7dff8e1"
  name = "github.com/gorilla/context"
  packages = ["."]
  pruneopts = "UT"
  revision = "08b5f424b9271eedf6f9f0ce86cb9396ed337a42"
  version = "v1.1.1"

[[projects]]
  digest = "1:39709b184cbe5b2aecce843ae0223840dd5cde1f55bb80281a6a3b0a0ca304ed"
  name = "github.com/gorilla/mux"
  packages = ["."]
  pruneopts = "UT"
  revision = "ac112f7d75a0714af1bd86ab17749b31f7809640"

[[projects]]
  digest = "1:bb679c063b9edbbde1838f5d49fc5acadf7491a2a2fc1c92301c7f4c0f5a10d1"
  name = "github.com/gorilla/websocket"
  packages = ["."]
  pruneopts = "UT"
  revision = "462d5c5828f6203e4047c47be2920315937be380"

[[projects]]
  digest = "1:909c6473fd4087c25f4a2c0891f2d80e90cd8e326e77d01f9de590f0da0229e7"
  name = "github.com/hashicorp/consul"
  packages = ["api"]
  pruneopts = "UT"
  revision = "34eff659dcc5503b6eb117733c9f7def63f01bad"
  version = "v1.5.0"

[[projects]]
  digest = "1:07671f8997086ed115824d1974507d2b147d1e0463675ea5dbf3be89b1c2c563"
  name = "github.com/hashicorp/errwrap"
  packages = ["."]
  pruneopts = "UT"
  revision = "7554cd9344cec97297fa6649b055a8c98c2a1e55"

[[projects]]
  digest = "1:ae263e6b149fb7aadfc0f2284a8891cc3b9d2700e58b9a613fecf70fcc6e495d"
  name = "github.com/hashicorp/go-cleanhttp"
  packages = ["."]
  pruneopts = "UT"
  revision = "3573b8b52aa7b37b9358d966a898feb387f62437"

[[projects]]
  digest = "1:858428d08a69bc8ea68a09deb63b07907d8e48266b19e19b21dfe05d5e77bb66"
  name = "github.com/hashicorp/go-immutable-radix"
  packages = ["."]
  pruneopts = "UT"
  revision = "59b67882ec612f43b9d4c4fd97cebd507be4b3ee"

[[projects]]
  digest = "1:b8ba23b0b493e601d5ebaf21079bd3433eb304a5d73c0fb40b8aea526e94f46b"
  name = "github.com/hashicorp/go-msgpack"
  packages = ["codec"]
  pruneopts = "UT"
  revision = "fa3f63826f7c23912c15263591e65d54d080b458"

[[projects]]
  digest = "1:06b0de714eda10ccb203ef43155059c734f8d9377421954ae14cbf6af1fcf0b1"
  name = "github.com/hashicorp/go-multierror"
  packages = ["."]
  pruneopts = "UT"
  revision = "83588e72410abfbe4df460eeb6f30841ae47d4c4"

[[projects]]
  digest = "1:45aad874d3c7d5e8610427c81870fb54970b981692930ec2a319ce4cb89d7a00"
  name = "github.com/hashicorp/go-rootcerts"
  packages = ["."]
  pruneopts = "UT"
  revision = "6bb64b370b90e7ef1fa532be9e591a81c3493e00"

[[projects]]
  digest = "1:826df03282c5a336f1d23a07ce0ec0a26c7230e1a5d5a79a8ea4b68c0c8462b3"
  name = "github.com/hashicorp/go-version"
  packages = ["."]
  pruneopts = "UT"
  revision = "03c5bf6be031b6dd45afec16b1cf94fc8938bc77"

[[projects]]
  digest = "1:c419ae6e1a397c8a8eb15bcdc28c2e16bbcd148da9b4bdad6daf89f98a0a6b57"
  name = "github.com/hashicorp/golang-lru"
  packages = [
    ".",
    "simplelru",
  ]
  pruneopts = "UT"
  revision = "0a025b7e63adc15a622f29b0b2c4c3848243bbf6"

[[projects]]
  digest = "1:145eff5207977eb95c3649a27cdc2e467d8a1c104810bc12b6a53745a91d823a"
  name = "github.com/hashicorp/hcl"
  packages = [
    ".",
    "hcl/ast",
    "hcl/parser",
    "hcl/scanner",
    "hcl/strconv",
    "hcl/token",
    "json/parser",
    "json/scanner",
    "json/token",
  ]
  pruneopts = "UT"
  revision = "23c074d0eceb2b8a5bfdbb271ab780cde70f05a8"

[[projects]]
  digest = "1:b311e632876ce7a9538ba7b2dbf7220c31fba3a02601224d2b1c7c87f9667cdd"
  name = "github.com/hashicorp/nomad"
  packages = [
    "acl",
    "api",
    "api/contexts",
    "helper",
    "helper/args",
    "helper/flatmap",
    "helper/uuid",
    "nomad/structs",
  ]
  pruneopts = "UT"
  revision = "c7516cf15ab775c22f944f60a2f036fe6cc04a5d"
  version = "v0.8.7"

[[projects]]
  digest = "1:e99e7fae20b420786eebfc832e117ffcbaba8fcb8714a654e142f1f34be27691"
  name = "github.com/hashicorp/raft"
  packages = ["."]
  pruneopts = "UT"
  revision = "e5e581e04af7c46974b99195347cc0c380c0d841"

[[projects]]
  digest = "1:fca03ca144692bd759bb00b1d1434a53bf793c14bfc9e4f35cdc6414ad375bbc"
  name = "github.com/hashicorp/serf"
  packages = ["coordinate"]
  pruneopts = "UT"
  revision = "bbeddf0b3ab3072a60525afbd6b6f47d33839eee"

[[projects]]
  digest = "1:dfb4eb6168a4e7f16e9fda5b9164013a0f5a8eb06bb5ca3a1980964a7beedde4"
  name = "github.com/mitchellh/copystructure"
  packages = ["."]
  pruneopts = "UT"
  revision = "d23ffcb85de31694d6ccaa23ccb4a03e55c1303f"

[[projects]]
  digest = "1:12ae6210bdbdad658a9a67fd95cd9c99f7fdbf12f6d36eaf0af704e69dacf4f5"
  name = "github.com/mitchellh/go-homedir"
  packages = ["."]
  pruneopts = "UT"
  revision = "b8bc1bf767474819792c23f32d8286a45736f1c6"

[[projects]]
  digest = "1:544635141f5fb084637823f438f3563be046a9730c256d2e7760dbb741cd88b5"
  name = "github.com/mitchellh/hashstructure"
  packages = ["."]
  pruneopts = "UT"
  revision = "2bca23e0e452137f789efbc8610126fd8b94f73b"

[[projects]]
  digest = "1:53bc4cd4914cd7cd52139990d5170d6dc99067ae31c56530621b18b35fc30318"
  name = "github.com/mitchellh/mapstructure"
  packages = ["."]
  pruneopts = "UT"
  revision = "3536a929edddb9a5b34bd6861dc4a9647cb459fe"
  version = "v1.1.2"

[[projects]]
  digest = "1:008180c9763d618a6b4d12669d19fe8a91107762497c7f87089d943d71482dcd"
  name = "github.com/mitchellh/reflectwalk"
  packages = ["."]
  pruneopts = "UT"
  revision = "8d802ff4ae93611b807597f639c19f76074df5c6"

[[projects]]
  digest = "1:da8369d6bda404f0da217360dd58aca0648b859445abeb41a152b75e2149e532"
  name = "github.com/newrelic/go-agent"
  packages = [
    ".",
    "internal",
    "internal/cat",
    "internal/jsonx",
    "internal/logger",
    "internal/racedetector",
    "internal/sysinfo",
    "internal/utilization",
  ]
  pruneopts = "UT"
  revision = "5adc3b70de72198b5e21a6a811891309a0dcfba4"
  version = "v2.7.0"

[[projects]]
  digest = "1:e589afe1921e2b183b1cc58a06d7b36ee703a1fdb3cfc41370903c75a5d00b2a"
  name = "github.com/satori/go.uuid"
  packages = ["."]
  pruneopts = "UT"
  revision = "5bf94b69c6b68ee1b541973bb8e1144db23a194b"

[[projects]]
  digest = "1:fb011abd58a582cf867409273f372fc6437eda670ff02055c47e6203e90466d7"
  name = "github.com/sirupsen/logrus"
  packages = ["."]
  pruneopts = "UT"
  revision = "89742aefa4b206dcf400792f3bd35b542998eb3b"

[[projects]]
  digest = "1:4692f16a37b264e3b69e741506428c50a00db32f9a2f600c1dd8f1f2936c5347"
  name = "github.com/ugorji/go"
  packages = ["codec"]
  pruneopts = "UT"
  revision = "5efa3251c7f7d05e5d9704a69a984ec9f1386a40"

[[projects]]
  branch = "master"
  digest = "1:d29937cf6e6111401d17e926d4a1d507d4c27f4d6ee74a159d81bfd1ef033e6e"
  name = "golang.org/x/crypto"
  packages = [
    "blake2b",
    "ssh/terminal",
  ]
  pruneopts = "UT"
  revision = "22d7a77e9e5f409e934ed268692e56707cd169e5"

[[projects]]
  digest = "1:9f303486d623f840492bfeb48eb906a94e9d3fe638a761639b72ce64bf7bfcc3"
  name = "golang.org/x/sync"
  packages = ["syncmap"]
  pruneopts = "UT"
  revision = "f52d1811a62927559de87708c8913c1650ce4f26"

[[projects]]
  branch = "master"
  digest = "1:d06347ba4af418fef5bf029f9a41959c61983f33232a00a182b693c557d3c935"
  name = "golang.org/x/sys"
  packages = [
    "cpu",
    "unix",
    "windows",
  ]
  pruneopts = "UT"
  revision = "cab07311ab81fc7f180fddf7410b604373b20a00"

[solve-meta]
  analyzer-name = "dep"
  analyzer-version = 1
  input-imports = [
    "github.com/cnf/structhash",
    "github.com/elazarl/go-bindata-assetfs",
    "github.com/gorilla/mux",
    "github.com/gorilla/websocket",
    "github.com/hashicorp/consul/api",
    "github.com/hashicorp/golang-lru",
    "github.com/hashicorp/nomad/api",
    "github.com/newrelic/go-agent",
    "github.com/satori/go.uuid",
    "github.com/sirupsen/logrus",
    "golang.org/x/sync/syncmap",
  ]
  solver-name = "gps-cdcl"
  solver-version = 1
